
Microsoft Visual Studio Solution File, Format Version 12.00
# Visual Studio 14
VisualStudioVersion = 14.0.24720.0
MinimumVisualStudioVersion = 10.0.40219.1
Project("{FAE04EC0-301F-11D3-BF4B-00C04F79EFBC}") = "Audit.Core", "Audit.Core\Audit.Core.csproj", "{4E8C5480-A8BF-464B-8D31-8AC8CC0A2796}"
EndProject
Project("{FAE04EC0-301F-11D3-BF4B-00C04F79EFBC}") = "Audit.Core.Console.Test", "Audit.Core.Console.Test\Audit.Core.Console.Test.csproj", "{626DE466-997F-4531-BD08-3DCC5F0A577F}"
EndProject
Global
	GlobalSection(SolutionConfigurationPlatforms) = preSolution
		Debug|Any CPU = Debug|Any CPU
		Release|Any CPU = Release|Any CPU
	EndGlobalSection
	GlobalSection(ProjectConfigurationPlatforms) = postSolution
		{4E8C5480-A8BF-464B-8D31-8AC8CC0A2796}.Debug|Any CPU.ActiveCfg = Debug|Any CPU
		{4E8C5480-A8BF-464B-8D31-8AC8CC0A2796}.Debug|Any CPU.Build.0 = Debug|Any CPU
		{4E8C5480-A8BF-464B-8D31-8AC8CC0A2796}.Release|Any CPU.ActiveCfg = Release|Any CPU
		{4E8C5480-A8BF-464B-8D31-8AC8CC0A2796}.Release|Any CPU.Build.0 = Release|Any CPU
		{626DE466-997F-4531-BD08-3DCC5F0A577F}.Debug|Any CPU.ActiveCfg = Debug|Any CPU
		{626DE466-997F-4531-BD08-3DCC5F0A577F}.Debug|Any CPU.Build.0 = Debug|Any CPU
		{626DE466-997F-4531-BD08-3DCC5F0A577F}.Release|Any CPU.ActiveCfg = Release|Any CPU
		{626DE466-997F-4531-BD08-3DCC5F0A577F}.Release|Any CPU.Build.0 = Release|Any CPU
	EndGlobalSection
	GlobalSection(SolutionProperties) = preSolution
		HideSolutionNode = FALSE
	EndGlobalSection
EndGlobal
